
Microsoft Visual Studio Solution File, Format Version 10.00
# Visual Studio 2008
Project("{FAE04EC0-301F-11D3-BF4B-00C04F79EFBC}") = "Hello.App", "Hello.App\Hello.App.csproj", "{46778D27-28C5-48EC-AE21-07B554245DA5}"
EndProject
Project("{FAE04EC0-301F-11D3-BF4B-00C04F79EFBC}") = "Hello.Bot", "Hello.Bot\Hello.Bot.csproj", "{14718FEE-E4D8-4C34-BE23-85D55927F03C}"
EndProject
Project("{FAE04EC0-301F-11D3-BF4B-00C04F79EFBC}") = "Hello.Repo", "Hello.Repo\Hello.Repo.csproj", "{4B550601-FA2D-42CC-A1AA-9A710D57FF34}"
EndProject
Project("{FAE04EC0-301F-11D3-BF4B-00C04F79EFBC}") = "Hello.Tests", "Hello.Tests\Hello.Tests.csproj", "{F3698790-1488-4664-8747-53DCB8BB2BFC}"
EndProject
Project("{FAE04EC0-301F-11D3-BF4B-00C04F79EFBC}") = "Hello.Utils", "Hello.Utils\Hello.Utils.csproj", "{1A6EB4D7-57B3-44F5-A0F4-5CF6E1F98C02}"
EndProject
Global
	GlobalSection(SolutionConfigurationPlatforms) = preSolution
		Debug|Any CPU = Debug|Any CPU
		Release|Any CPU = Release|Any CPU
	EndGlobalSection
	GlobalSection(ProjectConfigurationPlatforms) = postSolution
		{46778D27-28C5-48EC-AE21-07B554245DA5}.Debug|Any CPU.ActiveCfg = Debug|Any CPU
		{46778D27-28C5-48EC-AE21-07B554245DA5}.Debug|Any CPU.Build.0 = Debug|Any CPU
		{46778D27-28C5-48EC-AE21-07B554245DA5}.Release|Any CPU.ActiveCfg = Release|Any CPU
		{46778D27-28C5-48EC-AE21-07B554245DA5}.Release|Any CPU.Build.0 = Release|Any CPU
		{14718FEE-E4D8-4C34-BE23-85D55927F03C}.Debug|Any CPU.ActiveCfg = Debug|Any CPU
		{14718FEE-E4D8-4C34-BE23-85D55927F03C}.Debug|Any CPU.Build.0 = Debug|Any CPU
		{14718FEE-E4D8-4C34-BE23-85D55927F03C}.Release|Any CPU.ActiveCfg = Release|Any CPU
		{14718FEE-E4D8-4C34-BE23-85D55927F03C}.Release|Any CPU.Build.0 = Release|Any CPU
		{4B550601-FA2D-42CC-A1AA-9A710D57FF34}.Debug|Any CPU.ActiveCfg = Debug|Any CPU
		{4B550601-FA2D-42CC-A1AA-9A710D57FF34}.Debug|Any CPU.Build.0 = Debug|Any CPU
		{4B550601-FA2D-42CC-A1AA-9A710D57FF34}.Release|Any CPU.ActiveCfg = Release|Any CPU
		{4B550601-FA2D-42CC-A1AA-9A710D57FF34}.Release|Any CPU.Build.0 = Release|Any CPU
		{F3698790-1488-4664-8747-53DCB8BB2BFC}.Debug|Any CPU.ActiveCfg = Debug|Any CPU
		{F3698790-1488-4664-8747-53DCB8BB2BFC}.Debug|Any CPU.Build.0 = Debug|Any CPU
		{F3698790-1488-4664-8747-53DCB8BB2BFC}.Release|Any CPU.ActiveCfg = Release|Any CPU
		{F3698790-1488-4664-8747-53DCB8BB2BFC}.Release|Any CPU.Build.0 = Release|Any CPU
		{1A6EB4D7-57B3-44F5-A0F4-5CF6E1F98C02}.Debug|Any CPU.ActiveCfg = Debug|Any CPU
		{1A6EB4D7-57B3-44F5-A0F4-5CF6E1F98C02}.Debug|Any CPU.Build.0 = Debug|Any CPU
		{1A6EB4D7-57B3-44F5-A0F4-5CF6E1F98C02}.Release|Any CPU.ActiveCfg = Release|Any CPU
		{1A6EB4D7-57B3-44F5-A0F4-5CF6E1F98C02}.Release|Any CPU.Build.0 = Release|Any CPU
	EndGlobalSection
	GlobalSection(SolutionProperties) = preSolution
		HideSolutionNode = FALSE
	EndGlobalSection
EndGlobal
